
Microsoft Visual Studio Solution File, Format Version 11.00
# Visual Studio 2010
Project("{FAE04EC0-301F-11D3-BF4B-00C04F79EFBC}") = "Ink-Libraries", "Ink-Libraries.csproj", "{98DDC8DD-797A-2D4B-5265-D52C8487DD65}"
EndProject
Project("{FAE04EC0-301F-11D3-BF4B-00C04F79EFBC}") = "Assembly-CSharp-firstpass", "Assembly-CSharp-firstpass.csproj", "{5CCC1F91-12BB-A73B-AB82-BABABFDC51D5}"
EndProject
Project("{FAE04EC0-301F-11D3-BF4B-00C04F79EFBC}") = "Assembly-CSharp-Editor-firstpass", "Assembly-CSharp-Editor-firstpass.csproj", "{389D44BB-0444-E2F4-2463-9A45E72CA456}"
EndProject
Global
	GlobalSection(SolutionConfigurationPlatforms) = preSolution
		Debug|Any CPU = Debug|Any CPU
		Release|Any CPU = Release|Any CPU
	EndGlobalSection
	GlobalSection(ProjectConfigurationPlatforms) = postSolution
		{98DDC8DD-797A-2D4B-5265-D52C8487DD65}.Debug|Any CPU.ActiveCfg = Debug|Any CPU
		{98DDC8DD-797A-2D4B-5265-D52C8487DD65}.Debug|Any CPU.Build.0 = Debug|Any CPU
		{98DDC8DD-797A-2D4B-5265-D52C8487DD65}.Release|Any CPU.ActiveCfg = Release|Any CPU
		{98DDC8DD-797A-2D4B-5265-D52C8487DD65}.Release|Any CPU.Build.0 = Release|Any CPU
		{5CCC1F91-12BB-A73B-AB82-BABABFDC51D5}.Debug|Any CPU.ActiveCfg = Debug|Any CPU
		{5CCC1F91-12BB-A73B-AB82-BABABFDC51D5}.Debug|Any CPU.Build.0 = Debug|Any CPU
		{5CCC1F91-12BB-A73B-AB82-BABABFDC51D5}.Release|Any CPU.ActiveCfg = Release|Any CPU
		{5CCC1F91-12BB-A73B-AB82-BABABFDC51D5}.Release|Any CPU.Build.0 = Release|Any CPU
		{389D44BB-0444-E2F4-2463-9A45E72CA456}.Debug|Any CPU.ActiveCfg = Debug|Any CPU
		{389D44BB-0444-E2F4-2463-9A45E72CA456}.Debug|Any CPU.Build.0 = Debug|Any CPU
		{389D44BB-0444-E2F4-2463-9A45E72CA456}.Release|Any CPU.ActiveCfg = Release|Any CPU
		{389D44BB-0444-E2F4-2463-9A45E72CA456}.Release|Any CPU.Build.0 = Release|Any CPU
	EndGlobalSection
	GlobalSection(SolutionProperties) = preSolution
		HideSolutionNode = FALSE
	EndGlobalSection
EndGlobal
